
Microsoft Visual Studio Solution File, Format Version 12.00
# Visual Studio Version 17
VisualStudioVersion = 17.7.34018.315
MinimumVisualStudioVersion = 10.0.40219.1
Project("{FAE04EC0-301F-11D3-BF4B-00C04F79EFBC}") = "HealthInsuranceV3", "HealthInsuranceV3\HealthInsuranceV3.csproj", "{AADF65A1-1FCC-464F-A94D-A616C6AA9102}"
EndProject
Global
	GlobalSection(SolutionConfigurationPlatforms) = preSolution
		Debug|Any CPU = Debug|Any CPU
		Release|Any CPU = Release|Any CPU
	EndGlobalSection
	GlobalSection(ProjectConfigurationPlatforms) = postSolution
		{AADF65A1-1FCC-464F-A94D-A616C6AA9102}.Debug|Any CPU.ActiveCfg = Debug|Any CPU
		{AADF65A1-1FCC-464F-A94D-A616C6AA9102}.Debug|Any CPU.Build.0 = Debug|Any CPU
		{AADF65A1-1FCC-464F-A94D-A616C6AA9102}.Release|Any CPU.ActiveCfg = Release|Any CPU
		{AADF65A1-1FCC-464F-A94D-A616C6AA9102}.Release|Any CPU.Build.0 = Release|Any CPU
	EndGlobalSection
	GlobalSection(SolutionProperties) = preSolution
		HideSolutionNode = FALSE
	EndGlobalSection
	GlobalSection(ExtensibilityGlobals) = postSolution
		SolutionGuid = {B6063219-AA57-482B-8AA8-D221491F913B}
	EndGlobalSection
EndGlobal
